github.com/go-sql-driver/mysql v1.6.0 h1:BCTh4TKNUYmOmMUcQ3IipzF5prigylS7XXjEkfCHuOE=
github.com/go-sql-driver/mysql v1.6.0/go.mod h1:DCzpHaOWr8IXmIStZouvnhqoel9Qv2LBy8hT2VhHyBg=
github.com/gorilla/mux v1.8.0 h1:i40aqfkR1h2SlN9hojwV5ZA91wcXFOvkdNIeFDP5koI=
github.com/gorilla/mux v1.8.0/go.mod h1:DVbg23sWSpFRCP0SfiEN6jmj59UnW/n46BH5rLB71So=
github.com/jinzhu/inflection v1.0.0 h1:K317FqzuhWc8YvSVlFMCCUb36O/S9MCKRDI7QkRKD/E=
github.com/jinzhu/inflection v1.0.0/go.mod h1:h+uFLlag+Qp1Va5pdKtLDYj+kHp5pxUVkryuEj+Srlc=
github.com/jinzhu/now v1.1.2 h1:eVKgfIdy9b6zbWBMgFpfDPoAMifwSZagU9HmEU6zgiI=
github.com/jinzhu/now v1.1.2/go.mod h1:d3SSVoowX0Lcu0IBviAWJpolVfI5UJVZZ7cO71lE/z8=
github.com/joho/godotenv v1.3.0 h1:Zjp+RcGpHhGlrMbJzXTrZZPrWj+1vfm90La1wgB6Bhc=
github.com/joho/godotenv v1.3.0/go.mod h1:7hK45KPybAkOC6peb+G5yklZfMxEjkZhHbwpqxOKXbg=
github.com/mattn/go-sqlite3 v1.14.8 h1:gDp86IdQsN/xWjIEmr9MF6o9mpksUgh0fu+9ByFxzIU=
github.com/mattn/go-sqlite3 v1.14.8/go.mod h1:NyWgC/yNuGj7Q9rpYnZvas74GogHl5/Z4A/KQRfk6bU=
github.com/savsgio/go-logger/v2 v2.1.2 h1:XEDrrb3sDxyRKW5gpFRih+25mVRmFcGePB5CqBTN2lE=
github.com/savsgio/go-logger/v2 v2.1.2/go.mod h1:fog+sZsg75Or4EENyd1jrS/Ps44s39hd6lccqALz0C8=
github.com/valyala/bytebufferpool v1.0.0 h1:GqA5TC/0021Y/b9FG4Oi9Mr3q7XYx6KllzawFIhcdPw=
github.com/valyala/bytebufferpool v1.0.0/go.mod h1:6bBcMArwyJ5K/AmCkWv1jt77kVWyCJ6HpOuEn7z0Csc=
gorm.io/driver/mysql v1.1.2 h1:OofcyE2lga734MxwcCW9uB4mWNXMr50uaGRVwQL2B0M=
gorm.io/driver/mysql v1.1.2/go.mod h1:4P/X9vSc3WTrhTLZ259cpFd6xKNYiSSdSZngkSBGIMM=
gorm.io/driver/sqlite v1.1.5 h1:JU8G59VyKu1x1RMQgjefQnkZjDe9wHc1kARDZPu5dZs=
gorm.io/driver/sqlite v1.1.5/go.mod h1:NpaYMcVKEh6vLJ47VP6T7Weieu4H1Drs3dGD/K6GrGc=
gorm.io/gorm v1.21.12/go.mod h1:F+OptMscr0P2F2qU97WT1WimdH9GaQPoDW7AYd5i2Y0=
gorm.io/gorm v1.21.15 h1:gAyaDoPw0lCyrSFWhBlahbUA1U4P5RViC1uIqoB+1Rk=
gorm.io/gorm v1.21.15/go.mod h1:F+OptMscr0P2F2qU97WT1WimdH9GaQPoDW7AYd5i2Y0=
